
Microsoft Visual Studio Solution File, Format Version 12.00
# Visual Studio Version 17
VisualStudioVersion = 17.3.32819.101
MinimumVisualStudioVersion = 10.0.40219.1
Project("{FAE04EC0-301F-11D3-BF4B-00C04F79EFBC}") = "SO SUSHI PROGRAM", "SO SUSHI PROGRAM\SO SUSHI PROGRAM.csproj", "{18002796-BE24-4ACB-B3F9-74D085C962AB}"
EndProject
Global
	GlobalSection(SolutionConfigurationPlatforms) = preSolution
		Debug|Any CPU = Debug|Any CPU
		Release|Any CPU = Release|Any CPU
	EndGlobalSection
	GlobalSection(ProjectConfigurationPlatforms) = postSolution
		{18002796-BE24-4ACB-B3F9-74D085C962AB}.Debug|Any CPU.ActiveCfg = Debug|Any CPU
		{18002796-BE24-4ACB-B3F9-74D085C962AB}.Debug|Any CPU.Build.0 = Debug|Any CPU
		{18002796-BE24-4ACB-B3F9-74D085C962AB}.Release|Any CPU.ActiveCfg = Release|Any CPU
		{18002796-BE24-4ACB-B3F9-74D085C962AB}.Release|Any CPU.Build.0 = Release|Any CPU
	EndGlobalSection
	GlobalSection(SolutionProperties) = preSolution
		HideSolutionNode = FALSE
	EndGlobalSection
	GlobalSection(ExtensibilityGlobals) = postSolution
		SolutionGuid = {DA6DF540-C1B0-4BDB-BB42-E79360EF3497}
	EndGlobalSection
EndGlobal
